
Microsoft Visual Studio Solution File, Format Version 12.00
# Visual Studio Version 16
VisualStudioVersion = 16.0.30413.136
MinimumVisualStudioVersion = 10.0.40219.1
Project("{FAE04EC0-301F-11D3-BF4B-00C04F79EFBC}") = "VendingMachine", "VendingMachine\VendingMachine.csproj", "{D70FEF28-D975-4DE7-A9AD-2397FF03E583}"
EndProject
Project("{FAE04EC0-301F-11D3-BF4B-00C04F79EFBC}") = "VendingMachineUnitTests", "VendingMachineUnitTests\VendingMachineUnitTests.csproj", "{3CDDA2FD-FB52-477D-9923-DB2A8C2AC253}"
EndProject
Global
	GlobalSection(SolutionConfigurationPlatforms) = preSolution
		Debug|Any CPU = Debug|Any CPU
		Release|Any CPU = Release|Any CPU
	EndGlobalSection
	GlobalSection(ProjectConfigurationPlatforms) = postSolution
		{D70FEF28-D975-4DE7-A9AD-2397FF03E583}.Debug|Any CPU.ActiveCfg = Debug|Any CPU
		{D70FEF28-D975-4DE7-A9AD-2397FF03E583}.Debug|Any CPU.Build.0 = Debug|Any CPU
		{D70FEF28-D975-4DE7-A9AD-2397FF03E583}.Release|Any CPU.ActiveCfg = Release|Any CPU
		{D70FEF28-D975-4DE7-A9AD-2397FF03E583}.Release|Any CPU.Build.0 = Release|Any CPU
		{3CDDA2FD-FB52-477D-9923-DB2A8C2AC253}.Debug|Any CPU.ActiveCfg = Debug|Any CPU
		{3CDDA2FD-FB52-477D-9923-DB2A8C2AC253}.Debug|Any CPU.Build.0 = Debug|Any CPU
		{3CDDA2FD-FB52-477D-9923-DB2A8C2AC253}.Release|Any CPU.ActiveCfg = Release|Any CPU
		{3CDDA2FD-FB52-477D-9923-DB2A8C2AC253}.Release|Any CPU.Build.0 = Release|Any CPU
	EndGlobalSection
	GlobalSection(SolutionProperties) = preSolution
		HideSolutionNode = FALSE
	EndGlobalSection
	GlobalSection(ExtensibilityGlobals) = postSolution
		SolutionGuid = {3A8D7F7B-3186-453A-BA77-7F85F2270CA8}
	EndGlobalSection
EndGlobal
